
Microsoft Visual Studio Solution File, Format Version 12.00
# Visual Studio Version 17
VisualStudioVersion = 17.13.35931.197 d17.13
MinimumVisualStudioVersion = 10.0.40219.1
Project("{FAE04EC0-301F-11D3-BF4B-00C04F79EFBC}") = "06_Calendario", "06_Calendario.csproj", "{451BEF70-6320-47A1-9B5E-B9F8532E07E5}"
EndProject
Global
	GlobalSection(SolutionConfigurationPlatforms) = preSolution
		Debug|Any CPU = Debug|Any CPU
		Release|Any CPU = Release|Any CPU
	EndGlobalSection
	GlobalSection(ProjectConfigurationPlatforms) = postSolution
		{451BEF70-6320-47A1-9B5E-B9F8532E07E5}.Debug|Any CPU.ActiveCfg = Debug|Any CPU
		{451BEF70-6320-47A1-9B5E-B9F8532E07E5}.Debug|Any CPU.Build.0 = Debug|Any CPU
		{451BEF70-6320-47A1-9B5E-B9F8532E07E5}.Release|Any CPU.ActiveCfg = Release|Any CPU
		{451BEF70-6320-47A1-9B5E-B9F8532E07E5}.Release|Any CPU.Build.0 = Release|Any CPU
	EndGlobalSection
	GlobalSection(SolutionProperties) = preSolution
		HideSolutionNode = FALSE
	EndGlobalSection
	GlobalSection(ExtensibilityGlobals) = postSolution
		SolutionGuid = {14473EFA-84A6-4D62-B903-06EE8CC04D00}
	EndGlobalSection
EndGlobal
